
Microsoft Visual Studio Solution File, Format Version 12.00
# Visual Studio 14
VisualStudioVersion = 14.0.24720.0
MinimumVisualStudioVersion = 10.0.40219.1
Project("{FAE04EC0-301F-11D3-BF4B-00C04F79EFBC}") = "WikiStatsWorker", "WikiStatsWorker\WikiStatsWorker.csproj", "{0EB4D4F7-5C78-41EF-9455-9841902EB511}"
EndProject
Project("{FAE04EC0-301F-11D3-BF4B-00C04F79EFBC}") = "WikiStatsMaster", "WikiStatsMaster\WikiStatsMaster.csproj", "{8266C26B-2235-4A9B-A8CD-EB3793E205C8}"
EndProject
Global
	GlobalSection(SolutionConfigurationPlatforms) = preSolution
		Debug|Any CPU = Debug|Any CPU
		Release|Any CPU = Release|Any CPU
	EndGlobalSection
	GlobalSection(ProjectConfigurationPlatforms) = postSolution
		{0EB4D4F7-5C78-41EF-9455-9841902EB511}.Debug|Any CPU.ActiveCfg = Debug|Any CPU
		{0EB4D4F7-5C78-41EF-9455-9841902EB511}.Debug|Any CPU.Build.0 = Debug|Any CPU
		{0EB4D4F7-5C78-41EF-9455-9841902EB511}.Release|Any CPU.ActiveCfg = Release|Any CPU
		{0EB4D4F7-5C78-41EF-9455-9841902EB511}.Release|Any CPU.Build.0 = Release|Any CPU
		{8266C26B-2235-4A9B-A8CD-EB3793E205C8}.Debug|Any CPU.ActiveCfg = Debug|Any CPU
		{8266C26B-2235-4A9B-A8CD-EB3793E205C8}.Debug|Any CPU.Build.0 = Debug|Any CPU
		{8266C26B-2235-4A9B-A8CD-EB3793E205C8}.Release|Any CPU.ActiveCfg = Release|Any CPU
		{8266C26B-2235-4A9B-A8CD-EB3793E205C8}.Release|Any CPU.Build.0 = Release|Any CPU
	EndGlobalSection
	GlobalSection(SolutionProperties) = preSolution
		HideSolutionNode = FALSE
	EndGlobalSection
EndGlobal
